
Microsoft Visual Studio Solution File, Format Version 12.00
# Visual Studio Version 17
VisualStudioVersion = 17.13.35913.81 d17.13
MinimumVisualStudioVersion = 10.0.40219.1
Project("{FAE04EC0-301F-11D3-BF4B-00C04F79EFBC}") = "Admin_Tool", "Admin_Tool\Admin_Tool.csproj", "{8FFA98ED-B086-447C-B3FE-D468C45DE636}"
EndProject
Global
	GlobalSection(SolutionConfigurationPlatforms) = preSolution
		Debug|Any CPU = Debug|Any CPU
		Release|Any CPU = Release|Any CPU
	EndGlobalSection
	GlobalSection(ProjectConfigurationPlatforms) = postSolution
		{8FFA98ED-B086-447C-B3FE-D468C45DE636}.Debug|Any CPU.ActiveCfg = Debug|Any CPU
		{8FFA98ED-B086-447C-B3FE-D468C45DE636}.Debug|Any CPU.Build.0 = Debug|Any CPU
		{8FFA98ED-B086-447C-B3FE-D468C45DE636}.Release|Any CPU.ActiveCfg = Release|Any CPU
		{8FFA98ED-B086-447C-B3FE-D468C45DE636}.Release|Any CPU.Build.0 = Release|Any CPU
	EndGlobalSection
	GlobalSection(SolutionProperties) = preSolution
		HideSolutionNode = FALSE
	EndGlobalSection
	GlobalSection(ExtensibilityGlobals) = postSolution
		SolutionGuid = {FC4C9E36-33BF-4B46-BF18-3119C9FA8825}
	EndGlobalSection
EndGlobal
